
Microsoft Visual Studio Solution File, Format Version 12.00
# Visual Studio Version 16
VisualStudioVersion = 16.6.30114.105
MinimumVisualStudioVersion = 10.0.40219.1
Project("{FAE04EC0-301F-11D3-BF4B-00C04F79EFBC}") = "API", "API\API.csproj", "{0C7807D3-0A6C-46CA-A52E-7719A2269BCB}"
EndProject
Project("{FAE04EC0-301F-11D3-BF4B-00C04F79EFBC}") = "Application", "Application\Application.csproj", "{DBDC5547-D77E-4B03-B0FE-8920526A093D}"
EndProject
Project("{FAE04EC0-301F-11D3-BF4B-00C04F79EFBC}") = "Persistence", "Persistence\Persistence.csproj", "{6B637EDC-5B4F-45FB-A61B-36010B3D0FD2}"
EndProject
Project("{FAE04EC0-301F-11D3-BF4B-00C04F79EFBC}") = "Domain", "Domain\Domain.csproj", "{CA74A1FE-644D-453F-A563-800E73010723}"
EndProject
Global
	GlobalSection(SolutionConfigurationPlatforms) = preSolution
		Debug|Any CPU = Debug|Any CPU
		Debug|x64 = Debug|x64
		Debug|x86 = Debug|x86
		Release|Any CPU = Release|Any CPU
		Release|x64 = Release|x64
		Release|x86 = Release|x86
	EndGlobalSection
	GlobalSection(SolutionProperties) = preSolution
		HideSolutionNode = FALSE
	EndGlobalSection
	GlobalSection(ProjectConfigurationPlatforms) = postSolution
		{0C7807D3-0A6C-46CA-A52E-7719A2269BCB}.Debug|Any CPU.ActiveCfg = Debug|Any CPU
		{0C7807D3-0A6C-46CA-A52E-7719A2269BCB}.Debug|Any CPU.Build.0 = Debug|Any CPU
		{0C7807D3-0A6C-46CA-A52E-7719A2269BCB}.Debug|x64.ActiveCfg = Debug|Any CPU
		{0C7807D3-0A6C-46CA-A52E-7719A2269BCB}.Debug|x64.Build.0 = Debug|Any CPU
		{0C7807D3-0A6C-46CA-A52E-7719A2269BCB}.Debug|x86.ActiveCfg = Debug|Any CPU
		{0C7807D3-0A6C-46CA-A52E-7719A2269BCB}.Debug|x86.Build.0 = Debug|Any CPU
		{0C7807D3-0A6C-46CA-A52E-7719A2269BCB}.Release|Any CPU.ActiveCfg = Release|Any CPU
		{0C7807D3-0A6C-46CA-A52E-7719A2269BCB}.Release|Any CPU.Build.0 = Release|Any CPU
		{0C7807D3-0A6C-46CA-A52E-7719A2269BCB}.Release|x64.ActiveCfg = Release|Any CPU
		{0C7807D3-0A6C-46CA-A52E-7719A2269BCB}.Release|x64.Build.0 = Release|Any CPU
		{0C7807D3-0A6C-46CA-A52E-7719A2269BCB}.Release|x86.ActiveCfg = Release|Any CPU
		{0C7807D3-0A6C-46CA-A52E-7719A2269BCB}.Release|x86.Build.0 = Release|Any CPU
		{DBDC5547-D77E-4B03-B0FE-8920526A093D}.Debug|Any CPU.ActiveCfg = Debug|Any CPU
		{DBDC5547-D77E-4B03-B0FE-8920526A093D}.Debug|Any CPU.Build.0 = Debug|Any CPU
		{DBDC5547-D77E-4B03-B0FE-8920526A093D}.Debug|x64.ActiveCfg = Debug|Any CPU
		{DBDC5547-D77E-4B03-B0FE-8920526A093D}.Debug|x64.Build.0 = Debug|Any CPU
		{DBDC5547-D77E-4B03-B0FE-8920526A093D}.Debug|x86.ActiveCfg = Debug|Any CPU
		{DBDC5547-D77E-4B03-B0FE-8920526A093D}.Debug|x86.Build.0 = Debug|Any CPU
		{DBDC5547-D77E-4B03-B0FE-8920526A093D}.Release|Any CPU.ActiveCfg = Release|Any CPU
		{DBDC5547-D77E-4B03-B0FE-8920526A093D}.Release|Any CPU.Build.0 = Release|Any CPU
		{DBDC5547-D77E-4B03-B0FE-8920526A093D}.Release|x64.ActiveCfg = Release|Any CPU
		{DBDC5547-D77E-4B03-B0FE-8920526A093D}.Release|x64.Build.0 = Release|Any CPU
		{DBDC5547-D77E-4B03-B0FE-8920526A093D}.Release|x86.ActiveCfg = Release|Any CPU
		{DBDC5547-D77E-4B03-B0FE-8920526A093D}.Release|x86.Build.0 = Release|Any CPU
		{6B637EDC-5B4F-45FB-A61B-36010B3D0FD2}.Debug|Any CPU.ActiveCfg = Debug|Any CPU
		{6B637EDC-5B4F-45FB-A61B-36010B3D0FD2}.Debug|Any CPU.Build.0 = Debug|Any CPU
		{6B637EDC-5B4F-45FB-A61B-36010B3D0FD2}.Debug|x64.ActiveCfg = Debug|Any CPU
		{6B637EDC-5B4F-45FB-A61B-36010B3D0FD2}.Debug|x64.Build.0 = Debug|Any CPU
		{6B637EDC-5B4F-45FB-A61B-36010B3D0FD2}.Debug|x86.ActiveCfg = Debug|Any CPU
		{6B637EDC-5B4F-45FB-A61B-36010B3D0FD2}.Debug|x86.Build.0 = Debug|Any CPU
		{6B637EDC-5B4F-45FB-A61B-36010B3D0FD2}.Release|Any CPU.ActiveCfg = Release|Any CPU
		{6B637EDC-5B4F-45FB-A61B-36010B3D0FD2}.Release|Any CPU.Build.0 = Release|Any CPU
		{6B637EDC-5B4F-45FB-A61B-36010B3D0FD2}.Release|x64.ActiveCfg = Release|Any CPU
		{6B637EDC-5B4F-45FB-A61B-36010B3D0FD2}.Release|x64.Build.0 = Release|Any CPU
		{6B637EDC-5B4F-45FB-A61B-36010B3D0FD2}.Release|x86.ActiveCfg = Release|Any CPU
		{6B637EDC-5B4F-45FB-A61B-36010B3D0FD2}.Release|x86.Build.0 = Release|Any CPU
		{CA74A1FE-644D-453F-A563-800E73010723}.Debug|Any CPU.ActiveCfg = Debug|Any CPU
		{CA74A1FE-644D-453F-A563-800E73010723}.Debug|Any CPU.Build.0 = Debug|Any CPU
		{CA74A1FE-644D-453F-A563-800E73010723}.Debug|x64.ActiveCfg = Debug|Any CPU
		{CA74A1FE-644D-453F-A563-800E73010723}.Debug|x64.Build.0 = Debug|Any CPU
		{CA74A1FE-644D-453F-A563-800E73010723}.Debug|x86.ActiveCfg = Debug|Any CPU
		{CA74A1FE-644D-453F-A563-800E73010723}.Debug|x86.Build.0 = Debug|Any CPU
		{CA74A1FE-644D-453F-A563-800E73010723}.Release|Any CPU.ActiveCfg = Release|Any CPU
		{CA74A1FE-644D-453F-A563-800E73010723}.Release|Any CPU.Build.0 = Release|Any CPU
		{CA74A1FE-644D-453F-A563-800E73010723}.Release|x64.ActiveCfg = Release|Any CPU
		{CA74A1FE-644D-453F-A563-800E73010723}.Release|x64.Build.0 = Release|Any CPU
		{CA74A1FE-644D-453F-A563-800E73010723}.Release|x86.ActiveCfg = Release|Any CPU
		{CA74A1FE-644D-453F-A563-800E73010723}.Release|x86.Build.0 = Release|Any CPU
	EndGlobalSection
EndGlobal
